
Microsoft Visual Studio Solution File, Format Version 12.00
# Visual Studio Version 17
VisualStudioVersion = 17.2.32602.215
MinimumVisualStudioVersion = 10.0.40219.1
Project("{FAE04EC0-301F-11D3-BF4B-00C04F79EFBC}") = "assignment1.1", "assignment1.1.csproj", "{274D198D-2832-4ADB-A5DF-1E91C1814784}"
EndProject
Global
	GlobalSection(SolutionConfigurationPlatforms) = preSolution
		Debug|Any CPU = Debug|Any CPU
		Release|Any CPU = Release|Any CPU
	EndGlobalSection
	GlobalSection(ProjectConfigurationPlatforms) = postSolution
		{274D198D-2832-4ADB-A5DF-1E91C1814784}.Debug|Any CPU.ActiveCfg = Debug|Any CPU
		{274D198D-2832-4ADB-A5DF-1E91C1814784}.Debug|Any CPU.Build.0 = Debug|Any CPU
		{274D198D-2832-4ADB-A5DF-1E91C1814784}.Release|Any CPU.ActiveCfg = Release|Any CPU
		{274D198D-2832-4ADB-A5DF-1E91C1814784}.Release|Any CPU.Build.0 = Release|Any CPU
	EndGlobalSection
	GlobalSection(SolutionProperties) = preSolution
		HideSolutionNode = FALSE
	EndGlobalSection
	GlobalSection(ExtensibilityGlobals) = postSolution
		SolutionGuid = {AE82281F-893F-484F-BF40-1F681B64E5AE}
	EndGlobalSection
EndGlobal
